
Microsoft Visual Studio Solution File, Format Version 12.00
# Visual Studio Version 16
VisualStudioVersion = 16.0.30907.101
MinimumVisualStudioVersion = 10.0.40219.1
Project("{FAE04EC0-301F-11D3-BF4B-00C04F79EFBC}") = "AbstractFactory", "AbstractFactory\AbstractFactory.csproj", "{3F713D0C-1335-44B3-A840-D3318556002B}"
EndProject
Global
	GlobalSection(SolutionConfigurationPlatforms) = preSolution
		Debug|Any CPU = Debug|Any CPU
		Release|Any CPU = Release|Any CPU
	EndGlobalSection
	GlobalSection(ProjectConfigurationPlatforms) = postSolution
		{3F713D0C-1335-44B3-A840-D3318556002B}.Debug|Any CPU.ActiveCfg = Debug|Any CPU
		{3F713D0C-1335-44B3-A840-D3318556002B}.Debug|Any CPU.Build.0 = Debug|Any CPU
		{3F713D0C-1335-44B3-A840-D3318556002B}.Release|Any CPU.ActiveCfg = Release|Any CPU
		{3F713D0C-1335-44B3-A840-D3318556002B}.Release|Any CPU.Build.0 = Release|Any CPU
	EndGlobalSection
	GlobalSection(SolutionProperties) = preSolution
		HideSolutionNode = FALSE
	EndGlobalSection
	GlobalSection(ExtensibilityGlobals) = postSolution
		SolutionGuid = {14AB0E89-9866-4A64-81C8-2E9C8714FDC6}
	EndGlobalSection
EndGlobal
